
Microsoft Visual Studio Solution File, Format Version 12.00
# Visual Studio Version 16
VisualStudioVersion = 16.0.31229.75
MinimumVisualStudioVersion = 10.0.40219.1
Project("{FAE04EC0-301F-11D3-BF4B-00C04F79EFBC}") = "Algebra Lineal Proyecto2", "Algebra Lineal Proyecto2.csproj", "{73AE6554-22BE-4601-9EF4-62BEDCCB7386}"
EndProject
Global
	GlobalSection(SolutionConfigurationPlatforms) = preSolution
		Debug|Any CPU = Debug|Any CPU
		Release|Any CPU = Release|Any CPU
	EndGlobalSection
	GlobalSection(ProjectConfigurationPlatforms) = postSolution
		{73AE6554-22BE-4601-9EF4-62BEDCCB7386}.Debug|Any CPU.ActiveCfg = Debug|Any CPU
		{73AE6554-22BE-4601-9EF4-62BEDCCB7386}.Debug|Any CPU.Build.0 = Debug|Any CPU
		{73AE6554-22BE-4601-9EF4-62BEDCCB7386}.Release|Any CPU.ActiveCfg = Release|Any CPU
		{73AE6554-22BE-4601-9EF4-62BEDCCB7386}.Release|Any CPU.Build.0 = Release|Any CPU
	EndGlobalSection
	GlobalSection(SolutionProperties) = preSolution
		HideSolutionNode = FALSE
	EndGlobalSection
	GlobalSection(ExtensibilityGlobals) = postSolution
		SolutionGuid = {5257A46F-14D9-40DC-A3C4-7EDBE1AC1FC8}
	EndGlobalSection
EndGlobal
